
Microsoft Visual Studio Solution File, Format Version 12.00
# Visual Studio Version 17
VisualStudioVersion = 17.0.31919.166
MinimumVisualStudioVersion = 10.0.40219.1
Project("{FAE04EC0-301F-11D3-BF4B-00C04F79EFBC}") = "WFLogin", "WFLogin.csproj", "{90D809B5-141E-4ED1-9D62-A84AFF194A0E}"
EndProject
Global
	GlobalSection(SolutionConfigurationPlatforms) = preSolution
		Debug|Any CPU = Debug|Any CPU
		Release|Any CPU = Release|Any CPU
	EndGlobalSection
	GlobalSection(ProjectConfigurationPlatforms) = postSolution
		{90D809B5-141E-4ED1-9D62-A84AFF194A0E}.Debug|Any CPU.ActiveCfg = Debug|Any CPU
		{90D809B5-141E-4ED1-9D62-A84AFF194A0E}.Debug|Any CPU.Build.0 = Debug|Any CPU
		{90D809B5-141E-4ED1-9D62-A84AFF194A0E}.Release|Any CPU.ActiveCfg = Release|Any CPU
		{90D809B5-141E-4ED1-9D62-A84AFF194A0E}.Release|Any CPU.Build.0 = Release|Any CPU
	EndGlobalSection
	GlobalSection(SolutionProperties) = preSolution
		HideSolutionNode = FALSE
	EndGlobalSection
	GlobalSection(ExtensibilityGlobals) = postSolution
		SolutionGuid = {7C5C5F3F-E3EA-4BA6-A516-1A714904EB70}
	EndGlobalSection
EndGlobal
